
Microsoft Visual Studio Solution File, Format Version 12.00
# Visual Studio 15
VisualStudioVersion = 15.0.27428.2027
MinimumVisualStudioVersion = 10.0.40219.1
Project("{FAE04EC0-301F-11D3-BF4B-00C04F79EFBC}") = "WavenApi", "WavenApi\WavenApi.csproj", "{7C76ACA6-2ED6-4F53-8C95-55CD1AF50B51}"
EndProject
Global
	GlobalSection(SolutionConfigurationPlatforms) = preSolution
		Debug|Any CPU = Debug|Any CPU
		Release|Any CPU = Release|Any CPU
	EndGlobalSection
	GlobalSection(ProjectConfigurationPlatforms) = postSolution
		{7C76ACA6-2ED6-4F53-8C95-55CD1AF50B51}.Debug|Any CPU.ActiveCfg = Debug|Any CPU
		{7C76ACA6-2ED6-4F53-8C95-55CD1AF50B51}.Debug|Any CPU.Build.0 = Debug|Any CPU
		{7C76ACA6-2ED6-4F53-8C95-55CD1AF50B51}.Release|Any CPU.ActiveCfg = Release|Any CPU
		{7C76ACA6-2ED6-4F53-8C95-55CD1AF50B51}.Release|Any CPU.Build.0 = Release|Any CPU
	EndGlobalSection
	GlobalSection(SolutionProperties) = preSolution
		HideSolutionNode = FALSE
	EndGlobalSection
	GlobalSection(ExtensibilityGlobals) = postSolution
		SolutionGuid = {1DB51F64-808B-4AFF-9E8B-AEEE9D6E97BC}
	EndGlobalSection
EndGlobal
